// !$*UTF8*$!
{
	archiveVersion = 1;
	classes = {
	};
	objectVersion = 55;
	objects = {

/* Begin PBXBuildFile section */
		862483CA283E486C006D9B63 /* HomeCoordinator.swift in Sources */ = {isa = PBXBuildFile; fileRef = 862483C9283E486C006D9B63 /* HomeCoordinator.swift */; };
		862483CC283E4BE8006D9B63 /* HomeView.swift in Sources */ = {isa = PBXBuildFile; fileRef = 862483CB283E4BE8006D9B63 /* HomeView.swift */; };
		862483CE283E5103006D9B63 /* MainTabBar.swift in Sources */ = {isa = PBXBuildFile; fileRef = 862483CD283E5103006D9B63 /* MainTabBar.swift */; };
		862483D0283E55C8006D9B63 /* SettingsCoordinator.swift in Sources */ = {isa = PBXBuildFile; fileRef = 862483CF283E55C8006D9B63 /* SettingsCoordinator.swift */; };
		862483D2283E569A006D9B63 /* SettingsView.swift in Sources */ = {isa = PBXBuildFile; fileRef = 862483D1283E569A006D9B63 /* SettingsView.swift */; };
		862A215D28325B7F004CAEDB /* OnboardingCoordinator.swift in Sources */ = {isa = PBXBuildFile; fileRef = 862A215C28325B7F004CAEDB /* OnboardingCoordinator.swift */; };
		862A215F28325C90004CAEDB /* OnboardingModuleFactory.swift in Sources */ = {isa = PBXBuildFile; fileRef = 862A215E28325C90004CAEDB /* OnboardingModuleFactory.swift */; };
		862A216228325F92004CAEDB /* OnboardingController.swift in Sources */ = {isa = PBXBuildFile; fileRef = 862A216128325F92004CAEDB /* OnboardingController.swift */; };
		862A216428326659004CAEDB /* OnboardingView.swift in Sources */ = {isa = PBXBuildFile; fileRef = 862A216328326659004CAEDB /* OnboardingView.swift */; };
		862A216728326ED7004CAEDB /* OnboardingViewModel.swift in Sources */ = {isa = PBXBuildFile; fileRef = 862A216628326ED7004CAEDB /* OnboardingViewModel.swift */; };
		862A216A2832808B004CAEDB /* Bold.ttf in Resources */ = {isa = PBXBuildFile; fileRef = 862A21692832808B004CAEDB /* Bold.ttf */; };
		862A216C28328358004CAEDB /* UserDefaultsManager.swift in Sources */ = {isa = PBXBuildFile; fileRef = 862A216B28328358004CAEDB /* UserDefaultsManager.swift */; };
		862A217028328AF3004CAEDB /* SemiBold.ttf in Resources */ = {isa = PBXBuildFile; fileRef = 862A216F28328AF3004CAEDB /* SemiBold.ttf */; };
		862A21722833993D004CAEDB /* Light.otf in Resources */ = {isa = PBXBuildFile; fileRef = 862A21712833993D004CAEDB /* Light.otf */; };
		862A217628339F8E004CAEDB /* LoginController.swift in Sources */ = {isa = PBXBuildFile; fileRef = 862A217528339F8E004CAEDB /* LoginController.swift */; };
		862A21782833A4D1004CAEDB /* LoginView.swift in Sources */ = {isa = PBXBuildFile; fileRef = 862A21772833A4D1004CAEDB /* LoginView.swift */; };
		862A217A2833A68F004CAEDB /* AuthModuleFactory.swift in Sources */ = {isa = PBXBuildFile; fileRef = 862A21792833A68F004CAEDB /* AuthModuleFactory.swift */; };
		862A217C2833AA3C004CAEDB /* LoginViewModel.swift in Sources */ = {isa = PBXBuildFile; fileRef = 862A217B2833AA3C004CAEDB /* LoginViewModel.swift */; };
		863A0C56283105070009EA1F /* AppDelegate.swift in Sources */ = {isa = PBXBuildFile; fileRef = 863A0C55283105070009EA1F /* AppDelegate.swift */; };
		863A0C5A283105070009EA1F /* SplashController.swift in Sources */ = {isa = PBXBuildFile; fileRef = 863A0C59283105070009EA1F /* SplashController.swift */; };
		863A0C6C283106790009EA1F /* Moya in Frameworks */ = {isa = PBXBuildFile; productRef = 863A0C6B283106790009EA1F /* Moya */; };
		863A0C6F283106AF0009EA1F /* SwifterSwift in Frameworks */ = {isa = PBXBuildFile; productRef = 863A0C6E283106AF0009EA1F /* SwifterSwift */; };
		863A0C71283106E40009EA1F /* APIRouter.swift in Sources */ = {isa = PBXBuildFile; fileRef = 863A0C70283106E40009EA1F /* APIRouter.swift */; };
		863A0C76283108B80009EA1F /* Constants .swift in Sources */ = {isa = PBXBuildFile; fileRef = 863A0C75283108B80009EA1F /* Constants .swift */; };
		863A0C7C28310B4B0009EA1F /* Kingfisher in Frameworks */ = {isa = PBXBuildFile; productRef = 863A0C7B28310B4B0009EA1F /* Kingfisher */; };
		863A0C7F28310BD00009EA1F /* MOLH in Frameworks */ = {isa = PBXBuildFile; productRef = 863A0C7E28310BD00009EA1F /* MOLH */; };
		863A0C8228310C120009EA1F /* CombineCocoa in Frameworks */ = {isa = PBXBuildFile; productRef = 863A0C8128310C120009EA1F /* CombineCocoa */; };
		863A0C8D283112B80009EA1F /* NetworkManager.swift in Sources */ = {isa = PBXBuildFile; fileRef = 863A0C8C283112B80009EA1F /* NetworkManager.swift */; };
		863A0C8F2831172D0009EA1F /* ApplicationCoordinator.swift in Sources */ = {isa = PBXBuildFile; fileRef = 863A0C8E2831172D0009EA1F /* ApplicationCoordinator.swift */; };
		863A0C93283117610009EA1F /* BaseCoordinator.swift in Sources */ = {isa = PBXBuildFile; fileRef = 863A0C92283117610009EA1F /* BaseCoordinator.swift */; };
		863A0C95283117D10009EA1F /* DeepLinkOption.swift in Sources */ = {isa = PBXBuildFile; fileRef = 863A0C94283117D10009EA1F /* DeepLinkOption.swift */; };
		863A0C99283119170009EA1F /* RouterProtocol.swift in Sources */ = {isa = PBXBuildFile; fileRef = 863A0C98283119170009EA1F /* RouterProtocol.swift */; };
		863A0C9C283119A60009EA1F /* Presentable.swift in Sources */ = {isa = PBXBuildFile; fileRef = 863A0C9B283119A60009EA1F /* Presentable.swift */; };
		863A0C9F28311C350009EA1F /* CoordinatorFactory.swift in Sources */ = {isa = PBXBuildFile; fileRef = 863A0C9E28311C350009EA1F /* CoordinatorFactory.swift */; };
		863A0CA128311C4F0009EA1F /* ModuleFactory.swift in Sources */ = {isa = PBXBuildFile; fileRef = 863A0CA028311C4F0009EA1F /* ModuleFactory.swift */; };
		863A0CA328311D0B0009EA1F /* SplashModuleFactory.swift in Sources */ = {isa = PBXBuildFile; fileRef = 863A0CA228311D0B0009EA1F /* SplashModuleFactory.swift */; };
		863A0CA628311DDB0009EA1F /* BaseController.swift in Sources */ = {isa = PBXBuildFile; fileRef = 863A0CA528311DDB0009EA1F /* BaseController.swift */; };
		863A0CC2283120260009EA1F /* AssetsManager.swift in Sources */ = {isa = PBXBuildFile; fileRef = 863A0CA8283120250009EA1F /* AssetsManager.swift */; };
		863A0CC3283120260009EA1F /* Assets.xcassets in Resources */ = {isa = PBXBuildFile; fileRef = 863A0CA9283120250009EA1F /* Assets.xcassets */; };
		863A0CC8283120260009EA1F /* FontsManager.swift in Sources */ = {isa = PBXBuildFile; fileRef = 863A0CB0283120250009EA1F /* FontsManager.swift */; };
		863A0CCB283120260009EA1F /* LaunchScreen.storyboard in Resources */ = {isa = PBXBuildFile; fileRef = 863A0CB6283120250009EA1F /* LaunchScreen.storyboard */; };
		863A0CCD283120260009EA1F /* Strings.swift in Sources */ = {isa = PBXBuildFile; fileRef = 863A0CBB283120250009EA1F /* Strings.swift */; };
		863A0CCF283120260009EA1F /* Colors.txt in Resources */ = {isa = PBXBuildFile; fileRef = 863A0CC0283120260009EA1F /* Colors.txt */; };
		863A0CD0283120260009EA1F /* ColorsManager.swift in Sources */ = {isa = PBXBuildFile; fileRef = 863A0CC1283120260009EA1F /* ColorsManager.swift */; };
		863A0CD3283120B50009EA1F /* CoordinatorFactoryProtocol.swift in Sources */ = {isa = PBXBuildFile; fileRef = 863A0CD2283120B50009EA1F /* CoordinatorFactoryProtocol.swift */; };
		863A0CD5283120E20009EA1F /* SplashCoordinator.swift in Sources */ = {isa = PBXBuildFile; fileRef = 863A0CD4283120E20009EA1F /* SplashCoordinator.swift */; };
		863A0CD7283121D90009EA1F /* Router.swift in Sources */ = {isa = PBXBuildFile; fileRef = 863A0CD6283121D90009EA1F /* Router.swift */; };
		863A0CDA28312DC30009EA1F /* SplashView.swift in Sources */ = {isa = PBXBuildFile; fileRef = 863A0CD928312DC30009EA1F /* SplashView.swift */; };
		864DE6C5283E18240036C77C /* HomeController.swift in Sources */ = {isa = PBXBuildFile; fileRef = 864DE6C4283E18240036C77C /* HomeController.swift */; };
		864DE6C7283E1A1A0036C77C /* SettingsController.swift in Sources */ = {isa = PBXBuildFile; fileRef = 864DE6C6283E1A1A0036C77C /* SettingsController.swift */; };
		864DE6C9283E1A4F0036C77C /* SettingViewModel.swift in Sources */ = {isa = PBXBuildFile; fileRef = 864DE6C8283E1A4F0036C77C /* SettingViewModel.swift */; };
		864DE6CB283E1AB70036C77C /* HomeModuleFactory.swift in Sources */ = {isa = PBXBuildFile; fileRef = 864DE6CA283E1AB70036C77C /* HomeModuleFactory.swift */; };
		864DE6CD283E1B3D0036C77C /* HomeViewModel.swift in Sources */ = {isa = PBXBuildFile; fileRef = 864DE6CC283E1B3D0036C77C /* HomeViewModel.swift */; };
		864DE6CF283E1CCD0036C77C /* SettingsModuleFactory.swift in Sources */ = {isa = PBXBuildFile; fileRef = 864DE6CE283E1CCD0036C77C /* SettingsModuleFactory.swift */; };
		864DE6D1283E23780036C77C /* TabBarModuleFactroy.swift in Sources */ = {isa = PBXBuildFile; fileRef = 864DE6D0283E23780036C77C /* TabBarModuleFactroy.swift */; };
		8652C157283CFFC80065BB8C /* AuthResponse.swift in Sources */ = {isa = PBXBuildFile; fileRef = 8652C156283CFFC80065BB8C /* AuthResponse.swift */; };
		8652C159283CFFF80065BB8C /* User.swift in Sources */ = {isa = PBXBuildFile; fileRef = 8652C158283CFFF80065BB8C /* User.swift */; };
		8652C15C283D002F0065BB8C /* Address.swift in Sources */ = {isa = PBXBuildFile; fileRef = 8652C15B283D002F0065BB8C /* Address.swift */; };
		8652C169283D08340065BB8C /* Accelerate.framework in Frameworks */ = {isa = PBXBuildFile; fileRef = 8652C168283D08340065BB8C /* Accelerate.framework */; };
		8652C16B283D08470065BB8C /* CoreData.framework in Frameworks */ = {isa = PBXBuildFile; fileRef = 8652C16A283D08470065BB8C /* CoreData.framework */; };
		8652C16F283D0A330065BB8C /* TabBarCoordinator.swift in Sources */ = {isa = PBXBuildFile; fileRef = 8652C16E283D0A330065BB8C /* TabBarCoordinator.swift */; };
		8652C171283D0A6C0065BB8C /* TapBarCoordinatorOutput.swift in Sources */ = {isa = PBXBuildFile; fileRef = 8652C170283D0A6C0065BB8C /* TapBarCoordinatorOutput.swift */; };
		8652C174283D0AF70065BB8C /* MainTabBarController.swift in Sources */ = {isa = PBXBuildFile; fileRef = 8652C173283D0AF70065BB8C /* MainTabBarController.swift */; };
		8652C177283D16390065BB8C /* Toast in Frameworks */ = {isa = PBXBuildFile; productRef = 8652C176283D16390065BB8C /* Toast */; };
		8655A9E1283F65C60048BF74 /* HomeSection.swift in Sources */ = {isa = PBXBuildFile; fileRef = 8655A9E0283F65C60048BF74 /* HomeSection.swift */; };
		8655A9E4283F66150048BF74 /* CategoryCell.swift in Sources */ = {isa = PBXBuildFile; fileRef = 8655A9E3283F66150048BF74 /* CategoryCell.swift */; };
		8655A9E6283F66770048BF74 /* BannarCell.swift in Sources */ = {isa = PBXBuildFile; fileRef = 8655A9E5283F66770048BF74 /* BannarCell.swift */; };
		8655A9E8283F67340048BF74 /* ProuductCell .swift in Sources */ = {isa = PBXBuildFile; fileRef = 8655A9E7283F67340048BF74 /* ProuductCell .swift */; };
		8699A6B3283E914D0094BD41 /* ESTabBarController in Frameworks */ = {isa = PBXBuildFile; productRef = 8699A6B2283E914D0094BD41 /* ESTabBarController */; };
		86E80E1C283BACF6005FF239 /* AuthCoordinator.swift in Sources */ = {isa = PBXBuildFile; fileRef = 86E80E1B283BACF6005FF239 /* AuthCoordinator.swift */; };
		86E80E1F283BAD20005FF239 /* TextFieldWithIcon.swift in Sources */ = {isa = PBXBuildFile; fileRef = 86E80E1D283BAD20005FF239 /* TextFieldWithIcon.swift */; };
		86E80E20283BAD20005FF239 /* ZawadButton.swift in Sources */ = {isa = PBXBuildFile; fileRef = 86E80E1E283BAD20005FF239 /* ZawadButton.swift */; };
		86E80E24283BAD68005FF239 /* LoginModel.swift in Sources */ = {isa = PBXBuildFile; fileRef = 86E80E22283BAD68005FF239 /* LoginModel.swift */; };
		86E80E25283BAD68005FF239 /* RegisterModel.swift in Sources */ = {isa = PBXBuildFile; fileRef = 86E80E23283BAD68005FF239 /* RegisterModel.swift */; };
		86E80E29283BAD83005FF239 /* RegisterView.swift in Sources */ = {isa = PBXBuildFile; fileRef = 86E80E26283BAD83005FF239 /* RegisterView.swift */; };
		86E80E2A283BAD83005FF239 /* RegisterViewModel.swift in Sources */ = {isa = PBXBuildFile; fileRef = 86E80E27283BAD83005FF239 /* RegisterViewModel.swift */; };
		86E80E2B283BAD83005FF239 /* RegisterController.swift in Sources */ = {isa = PBXBuildFile; fileRef = 86E80E28283BAD83005FF239 /* RegisterController.swift */; };
		86F88DB3283BB08B00CCFD18 /* OTPView.swift in Sources */ = {isa = PBXBuildFile; fileRef = 86F88DB0283BB08B00CCFD18 /* OTPView.swift */; };
		86F88DB4283BB08B00CCFD18 /* OTPViewModel.swift in Sources */ = {isa = PBXBuildFile; fileRef = 86F88DB1283BB08B00CCFD18 /* OTPViewModel.swift */; };
		86F88DB5283BB08B00CCFD18 /* OTPController.swift in Sources */ = {isa = PBXBuildFile; fileRef = 86F88DB2283BB08B00CCFD18 /* OTPController.swift */; };
		86F88DB9283BB42A00CCFD18 /* OTPStackView.swift in Sources */ = {isa = PBXBuildFile; fileRef = 86F88DB7283BB42A00CCFD18 /* OTPStackView.swift */; };
		86F88DBA283BB42A00CCFD18 /* OTPTextField.swift in Sources */ = {isa = PBXBuildFile; fileRef = 86F88DB8283BB42A00CCFD18 /* OTPTextField.swift */; };
		86F88DBD283BB7DC00CCFD18 /* Localizable.strings in Resources */ = {isa = PBXBuildFile; fileRef = 86F88DBB283BB7DC00CCFD18 /* Localizable.strings */; };
		86F88DBF283BCBB800CCFD18 /* BaseViewController.swift in Sources */ = {isa = PBXBuildFile; fileRef = 86F88DBE283BCBB800CCFD18 /* BaseViewController.swift */; };
		86F88DC2283BCC0F00CCFD18 /* BaseUIView.swift in Sources */ = {isa = PBXBuildFile; fileRef = 86F88DC1283BCC0F00CCFD18 /* BaseUIView.swift */; };
/* End PBXBuildFile section */

/* Begin PBXFileReference section */
		862483C9283E486C006D9B63 /* HomeCoordinator.swift */ = {isa = PBXFileReference; lastKnownFileType = sourcecode.swift; path = HomeCoordinator.swift; sourceTree = "<group>"; };
		862483CB283E4BE8006D9B63 /* HomeView.swift */ = {isa = PBXFileReference; lastKnownFileType = sourcecode.swift; path = HomeView.swift; sourceTree = "<group>"; };
		862483CD283E5103006D9B63 /* MainTabBar.swift */ = {isa = PBXFileReference; lastKnownFileType = sourcecode.swift; path = MainTabBar.swift; sourceTree = "<group>"; };
		862483CF283E55C8006D9B63 /* SettingsCoordinator.swift */ = {isa = PBXFileReference; lastKnownFileType = sourcecode.swift; path = SettingsCoordinator.swift; sourceTree = "<group>"; };
		862483D1283E569A006D9B63 /* SettingsView.swift */ = {isa = PBXFileReference; lastKnownFileType = sourcecode.swift; path = SettingsView.swift; sourceTree = "<group>"; };
		862A215C28325B7F004CAEDB /* OnboardingCoordinator.swift */ = {isa = PBXFileReference; lastKnownFileType = sourcecode.swift; path = OnboardingCoordinator.swift; sourceTree = "<group>"; };
		862A215E28325C90004CAEDB /* OnboardingModuleFactory.swift */ = {isa = PBXFileReference; lastKnownFileType = sourcecode.swift; path = OnboardingModuleFactory.swift; sourceTree = "<group>"; };
		862A216128325F92004CAEDB /* OnboardingController.swift */ = {isa = PBXFileReference; lastKnownFileType = sourcecode.swift; path = OnboardingController.swift; sourceTree = "<group>"; };
		862A216328326659004CAEDB /* OnboardingView.swift */ = {isa = PBXFileReference; lastKnownFileType = sourcecode.swift; path = OnboardingView.swift; sourceTree = "<group>"; };
		862A216628326ED7004CAEDB /* OnboardingViewModel.swift */ = {isa = PBXFileReference; lastKnownFileType = sourcecode.swift; path = OnboardingViewModel.swift; sourceTree = "<group>"; };
		862A21692832808B004CAEDB /* Bold.ttf */ = {isa = PBXFileReference; lastKnownFileType = file; path = Bold.ttf; sourceTree = "<group>"; };
		862A216B28328358004CAEDB /* UserDefaultsManager.swift */ = {isa = PBXFileReference; lastKnownFileType = sourcecode.swift; path = UserDefaultsManager.swift; sourceTree = "<group>"; };
		862A216F28328AF3004CAEDB /* SemiBold.ttf */ = {isa = PBXFileReference; lastKnownFileType = file; path = SemiBold.ttf; sourceTree = "<group>"; };
		862A21712833993D004CAEDB /* Light.otf */ = {isa = PBXFileReference; lastKnownFileType = file; path = Light.otf; sourceTree = "<group>"; };
		862A217528339F8E004CAEDB /* LoginController.swift */ = {isa = PBXFileReference; lastKnownFileType = sourcecode.swift; path = LoginController.swift; sourceTree = "<group>"; };
		862A21772833A4D1004CAEDB /* LoginView.swift */ = {isa = PBXFileReference; lastKnownFileType = sourcecode.swift; path = LoginView.swift; sourceTree = "<group>"; };
		862A21792833A68F004CAEDB /* AuthModuleFactory.swift */ = {isa = PBXFileReference; lastKnownFileType = sourcecode.swift; path = AuthModuleFactory.swift; sourceTree = "<group>"; };
		862A217B2833AA3C004CAEDB /* LoginViewModel.swift */ = {isa = PBXFileReference; lastKnownFileType = sourcecode.swift; path = LoginViewModel.swift; sourceTree = "<group>"; };
		863A0C52283105070009EA1F /* Zwadatkom.app */ = {isa = PBXFileReference; explicitFileType = wrapper.application; includeInIndex = 0; path = Zwadatkom.app; sourceTree = BUILT_PRODUCTS_DIR; };
		863A0C55283105070009EA1F /* AppDelegate.swift */ = {isa = PBXFileReference; lastKnownFileType = sourcecode.swift; path = AppDelegate.swift; sourceTree = "<group>"; };
		863A0C59283105070009EA1F /* SplashController.swift */ = {isa = PBXFileReference; lastKnownFileType = sourcecode.swift; path = SplashController.swift; sourceTree = "<group>"; };
		863A0C63283105090009EA1F /* Info.plist */ = {isa = PBXFileReference; lastKnownFileType = text.plist.xml; path = Info.plist; sourceTree = "<group>"; };
		863A0C70283106E40009EA1F /* APIRouter.swift */ = {isa = PBXFileReference; lastKnownFileType = sourcecode.swift; path = APIRouter.swift; sourceTree = "<group>"; };
		863A0C75283108B80009EA1F /* Constants .swift */ = {isa = PBXFileReference; lastKnownFileType = sourcecode.swift; path = "Constants .swift"; sourceTree = "<group>"; };
		863A0C8C283112B80009EA1F /* NetworkManager.swift */ = {isa = PBXFileReference; lastKnownFileType = sourcecode.swift; path = NetworkManager.swift; sourceTree = "<group>"; };
		863A0C8E2831172D0009EA1F /* ApplicationCoordinator.swift */ = {isa = PBXFileReference; lastKnownFileType = sourcecode.swift; path = ApplicationCoordinator.swift; sourceTree = "<group>"; };
		863A0C92283117610009EA1F /* BaseCoordinator.swift */ = {isa = PBXFileReference; lastKnownFileType = sourcecode.swift; path = BaseCoordinator.swift; sourceTree = "<group>"; };
		863A0C94283117D10009EA1F /* DeepLinkOption.swift */ = {isa = PBXFileReference; lastKnownFileType = sourcecode.swift; path = DeepLinkOption.swift; sourceTree = "<group>"; };
		863A0C98283119170009EA1F /* RouterProtocol.swift */ = {isa = PBXFileReference; lastKnownFileType = sourcecode.swift; path = RouterProtocol.swift; sourceTree = "<group>"; };
		863A0C9B283119A60009EA1F /* Presentable.swift */ = {isa = PBXFileReference; lastKnownFileType = sourcecode.swift; path = Presentable.swift; sourceTree = "<group>"; };
		863A0C9E28311C350009EA1F /* CoordinatorFactory.swift */ = {isa = PBXFileReference; lastKnownFileType = sourcecode.swift; path = CoordinatorFactory.swift; sourceTree = "<group>"; };
		863A0CA028311C4F0009EA1F /* ModuleFactory.swift */ = {isa = PBXFileReference; lastKnownFileType = sourcecode.swift; path = ModuleFactory.swift; sourceTree = "<group>"; };
		863A0CA228311D0B0009EA1F /* SplashModuleFactory.swift */ = {isa = PBXFileReference; lastKnownFileType = sourcecode.swift; path = SplashModuleFactory.swift; sourceTree = "<group>"; };
		863A0CA528311DDB0009EA1F /* BaseController.swift */ = {isa = PBXFileReference; lastKnownFileType = sourcecode.swift; path = BaseController.swift; sourceTree = "<group>"; };
		863A0CA8283120250009EA1F /* AssetsManager.swift */ = {isa = PBXFileReference; fileEncoding = 4; lastKnownFileType = sourcecode.swift; path = AssetsManager.swift; sourceTree = "<group>"; };
		863A0CA9283120250009EA1F /* Assets.xcassets */ = {isa = PBXFileReference; lastKnownFileType = folder.assetcatalog; path = Assets.xcassets; sourceTree = "<group>"; };
		863A0CB0283120250009EA1F /* FontsManager.swift */ = {isa = PBXFileReference; fileEncoding = 4; lastKnownFileType = sourcecode.swift; path = FontsManager.swift; sourceTree = "<group>"; };
		863A0CB7283120250009EA1F /* Base */ = {isa = PBXFileReference; lastKnownFileType = file.storyboard; name = Base; path = Base.lproj/LaunchScreen.storyboard; sourceTree = "<group>"; };
		863A0CBB283120250009EA1F /* Strings.swift */ = {isa = PBXFileReference; fileEncoding = 4; lastKnownFileType = sourcecode.swift; path = Strings.swift; sourceTree = "<group>"; };
		863A0CC0283120260009EA1F /* Colors.txt */ = {isa = PBXFileReference; fileEncoding = 4; lastKnownFileType = text; path = Colors.txt; sourceTree = "<group>"; };
		863A0CC1283120260009EA1F /* ColorsManager.swift */ = {isa = PBXFileReference; fileEncoding = 4; lastKnownFileType = sourcecode.swift; path = ColorsManager.swift; sourceTree = "<group>"; };
		863A0CD2283120B50009EA1F /* CoordinatorFactoryProtocol.swift */ = {isa = PBXFileReference; lastKnownFileType = sourcecode.swift; path = CoordinatorFactoryProtocol.swift; sourceTree = "<group>"; };
		863A0CD4283120E20009EA1F /* SplashCoordinator.swift */ = {isa = PBXFileReference; lastKnownFileType = sourcecode.swift; path = SplashCoordinator.swift; sourceTree = "<group>"; };
		863A0CD6283121D90009EA1F /* Router.swift */ = {isa = PBXFileReference; lastKnownFileType = sourcecode.swift; path = Router.swift; sourceTree = "<group>"; };
		863A0CD928312DC30009EA1F /* SplashView.swift */ = {isa = PBXFileReference; lastKnownFileType = sourcecode.swift; path = SplashView.swift; sourceTree = "<group>"; };
		864425A4283BAFF800D93DC8 /* ar */ = {isa = PBXFileReference; lastKnownFileType = text.plist.strings; name = ar; path = ar.lproj/LaunchScreen.strings; sourceTree = "<group>"; };
		864DE6C4283E18240036C77C /* HomeController.swift */ = {isa = PBXFileReference; lastKnownFileType = sourcecode.swift; path = HomeController.swift; sourceTree = "<group>"; };
		864DE6C6283E1A1A0036C77C /* SettingsController.swift */ = {isa = PBXFileReference; lastKnownFileType = sourcecode.swift; path = SettingsController.swift; sourceTree = "<group>"; };
		864DE6C8283E1A4F0036C77C /* SettingViewModel.swift */ = {isa = PBXFileReference; lastKnownFileType = sourcecode.swift; path = SettingViewModel.swift; sourceTree = "<group>"; };
		864DE6CA283E1AB70036C77C /* HomeModuleFactory.swift */ = {isa = PBXFileReference; lastKnownFileType = sourcecode.swift; path = HomeModuleFactory.swift; sourceTree = "<group>"; };
		864DE6CC283E1B3D0036C77C /* HomeViewModel.swift */ = {isa = PBXFileReference; lastKnownFileType = sourcecode.swift; path = HomeViewModel.swift; sourceTree = "<group>"; };
		864DE6CE283E1CCD0036C77C /* SettingsModuleFactory.swift */ = {isa = PBXFileReference; lastKnownFileType = sourcecode.swift; path = SettingsModuleFactory.swift; sourceTree = "<group>"; };
		864DE6D0283E23780036C77C /* TabBarModuleFactroy.swift */ = {isa = PBXFileReference; lastKnownFileType = sourcecode.swift; path = TabBarModuleFactroy.swift; sourceTree = "<group>"; };
		8652C156283CFFC80065BB8C /* AuthResponse.swift */ = {isa = PBXFileReference; lastKnownFileType = sourcecode.swift; path = AuthResponse.swift; sourceTree = "<group>"; };
		8652C158283CFFF80065BB8C /* User.swift */ = {isa = PBXFileReference; lastKnownFileType = sourcecode.swift; path = User.swift; sourceTree = "<group>"; };
		8652C15B283D002F0065BB8C /* Address.swift */ = {isa = PBXFileReference; lastKnownFileType = sourcecode.swift; path = Address.swift; sourceTree = "<group>"; };
		8652C168283D08340065BB8C /* Accelerate.framework */ = {isa = PBXFileReference; lastKnownFileType = wrapper.framework; name = Accelerate.framework; path = System/Library/Frameworks/Accelerate.framework; sourceTree = SDKROOT; };
		8652C16A283D08470065BB8C /* CoreData.framework */ = {isa = PBXFileReference; lastKnownFileType = wrapper.framework; name = CoreData.framework; path = System/Library/Frameworks/CoreData.framework; sourceTree = SDKROOT; };
		8652C16E283D0A330065BB8C /* TabBarCoordinator.swift */ = {isa = PBXFileReference; lastKnownFileType = sourcecode.swift; path = TabBarCoordinator.swift; sourceTree = "<group>"; };
		8652C170283D0A6C0065BB8C /* TapBarCoordinatorOutput.swift */ = {isa = PBXFileReference; lastKnownFileType = sourcecode.swift; path = TapBarCoordinatorOutput.swift; sourceTree = "<group>"; };
		8652C173283D0AF70065BB8C /* MainTabBarController.swift */ = {isa = PBXFileReference; lastKnownFileType = sourcecode.swift; path = MainTabBarController.swift; sourceTree = "<group>"; };
		8655A9E0283F65C60048BF74 /* HomeSection.swift */ = {isa = PBXFileReference; lastKnownFileType = sourcecode.swift; path = HomeSection.swift; sourceTree = "<group>"; };
		8655A9E3283F66150048BF74 /* CategoryCell.swift */ = {isa = PBXFileReference; lastKnownFileType = sourcecode.swift; path = CategoryCell.swift; sourceTree = "<group>"; };
		8655A9E5283F66770048BF74 /* BannarCell.swift */ = {isa = PBXFileReference; lastKnownFileType = sourcecode.swift; path = BannarCell.swift; sourceTree = "<group>"; };
		8655A9E7283F67340048BF74 /* ProuductCell .swift */ = {isa = PBXFileReference; lastKnownFileType = sourcecode.swift; path = "ProuductCell .swift"; sourceTree = "<group>"; };
		86E80E1B283BACF6005FF239 /* AuthCoordinator.swift */ = {isa = PBXFileReference; fileEncoding = 4; lastKnownFileType = sourcecode.swift; path = AuthCoordinator.swift; sourceTree = "<group>"; };
		86E80E1D283BAD20005FF239 /* TextFieldWithIcon.swift */ = {isa = PBXFileReference; fileEncoding = 4; lastKnownFileType = sourcecode.swift; path = TextFieldWithIcon.swift; sourceTree = "<group>"; };
		86E80E1E283BAD20005FF239 /* ZawadButton.swift */ = {isa = PBXFileReference; fileEncoding = 4; lastKnownFileType = sourcecode.swift; path = ZawadButton.swift; sourceTree = "<group>"; };
		86E80E22283BAD68005FF239 /* LoginModel.swift */ = {isa = PBXFileReference; fileEncoding = 4; lastKnownFileType = sourcecode.swift; path = LoginModel.swift; sourceTree = "<group>"; };
		86E80E23283BAD68005FF239 /* RegisterModel.swift */ = {isa = PBXFileReference; fileEncoding = 4; lastKnownFileType = sourcecode.swift; path = RegisterModel.swift; sourceTree = "<group>"; };
		86E80E26283BAD83005FF239 /* RegisterView.swift */ = {isa = PBXFileReference; fileEncoding = 4; lastKnownFileType = sourcecode.swift; path = RegisterView.swift; sourceTree = "<group>"; };
		86E80E27283BAD83005FF239 /* RegisterViewModel.swift */ = {isa = PBXFileReference; fileEncoding = 4; lastKnownFileType = sourcecode.swift; path = RegisterViewModel.swift; sourceTree = "<group>"; };
		86E80E28283BAD83005FF239 /* RegisterController.swift */ = {isa = PBXFileReference; fileEncoding = 4; lastKnownFileType = sourcecode.swift; path = RegisterController.swift; sourceTree = "<group>"; };
		86F88DB0283BB08B00CCFD18 /* OTPView.swift */ = {isa = PBXFileReference; fileEncoding = 4; lastKnownFileType = sourcecode.swift; path = OTPView.swift; sourceTree = "<group>"; };
		86F88DB1283BB08B00CCFD18 /* OTPViewModel.swift */ = {isa = PBXFileReference; fileEncoding = 4; lastKnownFileType = sourcecode.swift; path = OTPViewModel.swift; sourceTree = "<group>"; };
		86F88DB2283BB08B00CCFD18 /* OTPController.swift */ = {isa = PBXFileReference; fileEncoding = 4; lastKnownFileType = sourcecode.swift; path = OTPController.swift; sourceTree = "<group>"; };
		86F88DB7283BB42A00CCFD18 /* OTPStackView.swift */ = {isa = PBXFileReference; fileEncoding = 4; lastKnownFileType = sourcecode.swift; path = OTPStackView.swift; sourceTree = "<group>"; };
		86F88DB8283BB42A00CCFD18 /* OTPTextField.swift */ = {isa = PBXFileReference; fileEncoding = 4; lastKnownFileType = sourcecode.swift; path = OTPTextField.swift; sourceTree = "<group>"; };
		86F88DBC283BB7DC00CCFD18 /* ar */ = {isa = PBXFileReference; lastKnownFileType = text.plist.strings; name = ar; path = ar.lproj/Localizable.strings; sourceTree = "<group>"; };
		86F88DBE283BCBB800CCFD18 /* BaseViewController.swift */ = {isa = PBXFileReference; lastKnownFileType = sourcecode.swift; path = BaseViewController.swift; sourceTree = "<group>"; };
		86F88DC1283BCC0F00CCFD18 /* BaseUIView.swift */ = {isa = PBXFileReference; lastKnownFileType = sourcecode.swift; path = BaseUIView.swift; sourceTree = "<group>"; };
/* End PBXFileReference section */

/* Begin PBXFrameworksBuildPhase section */
		863A0C4F283105070009EA1F /* Frameworks */ = {
			isa = PBXFrameworksBuildPhase;
			buildActionMask = 2147483647;
			files = (
				8652C177283D16390065BB8C /* Toast in Frameworks */,
				8652C16B283D08470065BB8C /* CoreData.framework in Frameworks */,
				8652C169283D08340065BB8C /* Accelerate.framework in Frameworks */,
				863A0C7F28310BD00009EA1F /* MOLH in Frameworks */,
				8699A6B3283E914D0094BD41 /* ESTabBarController in Frameworks */,
				863A0C7C28310B4B0009EA1F /* Kingfisher in Frameworks */,
				863A0C6C283106790009EA1F /* Moya in Frameworks */,
				863A0C8228310C120009EA1F /* CombineCocoa in Frameworks */,
				863A0C6F283106AF0009EA1F /* SwifterSwift in Frameworks */,
			);
			runOnlyForDeploymentPostprocessing = 0;
		};
/* End PBXFrameworksBuildPhase section */

/* Begin PBXGroup section */
		862A215B28325B1C004CAEDB /* Coordinator */ = {
			isa = PBXGroup;
			children = (
				862A215C28325B7F004CAEDB /* OnboardingCoordinator.swift */,
			);
			path = Coordinator;
			sourceTree = "<group>";
		};
		862A216028325F6D004CAEDB /* OnboardingView */ = {
			isa = PBXGroup;
			children = (
				862A216128325F92004CAEDB /* OnboardingController.swift */,
				862A216328326659004CAEDB /* OnboardingView.swift */,
			);
			path = OnboardingView;
			sourceTree = "<group>";
		};
		862A216528326EB7004CAEDB /* ViewModel */ = {
			isa = PBXGroup;
			children = (
				862A216628326ED7004CAEDB /* OnboardingViewModel.swift */,
			);
			path = ViewModel;
			sourceTree = "<group>";
		};
		862A21682832805D004CAEDB /* Bahij */ = {
			isa = PBXGroup;
			children = (
				862A21712833993D004CAEDB /* Light.otf */,
				862A216F28328AF3004CAEDB /* SemiBold.ttf */,
				862A21692832808B004CAEDB /* Bold.ttf */,
			);
			path = Bahij;
			sourceTree = "<group>";
		};
		862A217328339F5E004CAEDB /* Login */ = {
			isa = PBXGroup;
			children = (
				862A217528339F8E004CAEDB /* LoginController.swift */,
				862A21772833A4D1004CAEDB /* LoginView.swift */,
				862A217B2833AA3C004CAEDB /* LoginViewModel.swift */,
			);
			path = Login;
			sourceTree = "<group>";
		};
		862A217428339F79004CAEDB /* Register */ = {
			isa = PBXGroup;
			children = (
				86E80E28283BAD83005FF239 /* RegisterController.swift */,
				86E80E26283BAD83005FF239 /* RegisterView.swift */,
				86E80E27283BAD83005FF239 /* RegisterViewModel.swift */,
			);
			path = Register;
			sourceTree = "<group>";
		};
		863A0C49283105070009EA1F = {
			isa = PBXGroup;
			children = (
				863A0C54283105070009EA1F /* ZwadatkomIos */,
				863A0C53283105070009EA1F /* Products */,
				8652C167283D08340065BB8C /* Frameworks */,
			);
			sourceTree = "<group>";
		};
		863A0C53283105070009EA1F /* Products */ = {
			isa = PBXGroup;
			children = (
				863A0C52283105070009EA1F /* Zwadatkom.app */,
			);
			name = Products;
			sourceTree = "<group>";
		};
		863A0C54283105070009EA1F /* ZwadatkomIos */ = {
			isa = PBXGroup;
			children = (
				863A0C77283108DF0009EA1F /* Application */,
				863A0C902831173C0009EA1F /* BaseCoordinator */,
				863A0C96283118230009EA1F /* Factories */,
				863A0C97283118EC0009EA1F /* Router */,
				863A0C69283106300009EA1F /* Networking */,
				863A0C7828310A340009EA1F /* Managers */,
				863A0C74283108A80009EA1F /* Utilities */,
				863A0C8B283112270009EA1F /* Extensions */,
				863A0C9A2831198F0009EA1F /* Protocols */,
				863A0C8A283112110009EA1F /* CustomViews */,
				863A0C89283111F20009EA1F /* Models */,
				863A0C8328310C410009EA1F /* Flows */,
				863A0C8628310C8B0009EA1F /* Resources */,
				863A0C63283105090009EA1F /* Info.plist */,
			);
			path = ZwadatkomIos;
			sourceTree = "<group>";
		};
		863A0C69283106300009EA1F /* Networking */ = {
			isa = PBXGroup;
			children = (
				863A0C8C283112B80009EA1F /* NetworkManager.swift */,
				863A0C70283106E40009EA1F /* APIRouter.swift */,
			);
			path = Networking;
			sourceTree = "<group>";
		};
		863A0C74283108A80009EA1F /* Utilities */ = {
			isa = PBXGroup;
			children = (
				863A0C75283108B80009EA1F /* Constants .swift */,
			);
			path = Utilities;
			sourceTree = "<group>";
		};
		863A0C77283108DF0009EA1F /* Application */ = {
			isa = PBXGroup;
			children = (
				863A0C55283105070009EA1F /* AppDelegate.swift */,
				863A0C8E2831172D0009EA1F /* ApplicationCoordinator.swift */,
			);
			path = Application;
			sourceTree = "<group>";
		};
		863A0C7828310A340009EA1F /* Managers */ = {
			isa = PBXGroup;
			children = (
				862A216B28328358004CAEDB /* UserDefaultsManager.swift */,
			);
			path = Managers;
			sourceTree = "<group>";
		};
		863A0C8328310C410009EA1F /* Flows */ = {
			isa = PBXGroup;
			children = (
				863A0C87283110260009EA1F /* SplashFlow */,
				863A0C88283110690009EA1F /* OnboardingFlow */,
				863A0C8528310C550009EA1F /* MainFlow */,
				863A0C8428310C4B0009EA1F /* AuthFlow */,
			);
			path = Flows;
			sourceTree = "<group>";
		};
		863A0C8428310C4B0009EA1F /* AuthFlow */ = {
			isa = PBXGroup;
			children = (
				8652C16C283D09CE0065BB8C /* New Group */,
				86E80E1A283BACF6005FF239 /* Coordinator */,
				862A217428339F79004CAEDB /* Register */,
				862A217328339F5E004CAEDB /* Login */,
				86F88DAF283BB08B00CCFD18 /* OTP */,
			);
			path = AuthFlow;
			sourceTree = "<group>";
		};
		863A0C8528310C550009EA1F /* MainFlow */ = {
			isa = PBXGroup;
			children = (
				8652C16D283D0A250065BB8C /* MainTabBar */,
				864DE6BE283E171F0036C77C /* Home */,
				864DE6C1283E17430036C77C /* Settings */,
			);
			path = MainFlow;
			sourceTree = "<group>";
		};
		863A0C8628310C8B0009EA1F /* Resources */ = {
			isa = PBXGroup;
			children = (
				863A0CA7283120250009EA1F /* Assets */,
				863A0CBF283120260009EA1F /* Colors */,
				863A0CAA283120250009EA1F /* Fonts */,
				863A0CB1283120250009EA1F /* Storyboards */,
				863A0CBA283120250009EA1F /* Strings */,
			);
			path = Resources;
			sourceTree = "<group>";
		};
		863A0C87283110260009EA1F /* SplashFlow */ = {
			isa = PBXGroup;
			children = (
				863A0CD8283124820009EA1F /* SplashView */,
				863A0CA428311D790009EA1F /* Coordinator */,
			);
			path = SplashFlow;
			sourceTree = "<group>";
		};
		863A0C88283110690009EA1F /* OnboardingFlow */ = {
			isa = PBXGroup;
			children = (
				862A215B28325B1C004CAEDB /* Coordinator */,
				862A216028325F6D004CAEDB /* OnboardingView */,
				862A216528326EB7004CAEDB /* ViewModel */,
			);
			path = OnboardingFlow;
			sourceTree = "<group>";
		};
		863A0C89283111F20009EA1F /* Models */ = {
			isa = PBXGroup;
			children = (
				8699A6B5283F657F0094BD41 /* DiffableDataSource */,
				8652C15A283D00230065BB8C /* User */,
				86E80E21283BAD68005FF239 /* Auth */,
			);
			path = Models;
			sourceTree = "<group>";
		};
		863A0C8A283112110009EA1F /* CustomViews */ = {
			isa = PBXGroup;
			children = (
				8655A9E2283F66060048BF74 /* Cells */,
				86F88DC0283BCBE300CCFD18 /* BaseViewController */,
				86F88DB6283BB42A00CCFD18 /* OTPView */,
				86E80E1D283BAD20005FF239 /* TextFieldWithIcon.swift */,
				86E80E1E283BAD20005FF239 /* ZawadButton.swift */,
			);
			path = CustomViews;
			sourceTree = "<group>";
		};
		863A0C8B283112270009EA1F /* Extensions */ = {
			isa = PBXGroup;
			children = (
			);
			path = Extensions;
			sourceTree = "<group>";
		};
		863A0C902831173C0009EA1F /* BaseCoordinator */ = {
			isa = PBXGroup;
			children = (
				863A0C92283117610009EA1F /* BaseCoordinator.swift */,
				863A0C94283117D10009EA1F /* DeepLinkOption.swift */,
			);
			path = BaseCoordinator;
			sourceTree = "<group>";
		};
		863A0C96283118230009EA1F /* Factories */ = {
			isa = PBXGroup;
			children = (
				863A0C9E28311C350009EA1F /* CoordinatorFactory.swift */,
				863A0CA028311C4F0009EA1F /* ModuleFactory.swift */,
				863A0C9D28311C1E0009EA1F /* Protocols */,
			);
			path = Factories;
			sourceTree = "<group>";
		};
		863A0C97283118EC0009EA1F /* Router */ = {
			isa = PBXGroup;
			children = (
				863A0CD6283121D90009EA1F /* Router.swift */,
				863A0C98283119170009EA1F /* RouterProtocol.swift */,
			);
			path = Router;
			sourceTree = "<group>";
		};
		863A0C9A2831198F0009EA1F /* Protocols */ = {
			isa = PBXGroup;
			children = (
				863A0C9B283119A60009EA1F /* Presentable.swift */,
				863A0CA528311DDB0009EA1F /* BaseController.swift */,
			);
			path = Protocols;
			sourceTree = "<group>";
		};
		863A0C9D28311C1E0009EA1F /* Protocols */ = {
			isa = PBXGroup;
			children = (
				863A0CD2283120B50009EA1F /* CoordinatorFactoryProtocol.swift */,
				863A0CA228311D0B0009EA1F /* SplashModuleFactory.swift */,
				862A215E28325C90004CAEDB /* OnboardingModuleFactory.swift */,
				862A21792833A68F004CAEDB /* AuthModuleFactory.swift */,
				864DE6D0283E23780036C77C /* TabBarModuleFactroy.swift */,
				864DE6CA283E1AB70036C77C /* HomeModuleFactory.swift */,
				864DE6CE283E1CCD0036C77C /* SettingsModuleFactory.swift */,
			);
			path = Protocols;
			sourceTree = "<group>";
		};
		863A0CA428311D790009EA1F /* Coordinator */ = {
			isa = PBXGroup;
			children = (
				863A0CD4283120E20009EA1F /* SplashCoordinator.swift */,
			);
			path = Coordinator;
			sourceTree = "<group>";
		};
		863A0CA7283120250009EA1F /* Assets */ = {
			isa = PBXGroup;
			children = (
				863A0CA8283120250009EA1F /* AssetsManager.swift */,
				863A0CA9283120250009EA1F /* Assets.xcassets */,
			);
			path = Assets;
			sourceTree = "<group>";
		};
		863A0CAA283120250009EA1F /* Fonts */ = {
			isa = PBXGroup;
			children = (
				862A21682832805D004CAEDB /* Bahij */,
				863A0CB0283120250009EA1F /* FontsManager.swift */,
			);
			path = Fonts;
			sourceTree = "<group>";
		};
		863A0CB1283120250009EA1F /* Storyboards */ = {
			isa = PBXGroup;
			children = (
				863A0CB6283120250009EA1F /* LaunchScreen.storyboard */,
			);
			path = Storyboards;
			sourceTree = "<group>";
		};
		863A0CBA283120250009EA1F /* Strings */ = {
			isa = PBXGroup;
			children = (
				863A0CBB283120250009EA1F /* Strings.swift */,
				86F88DBB283BB7DC00CCFD18 /* Localizable.strings */,
			);
			path = Strings;
			sourceTree = "<group>";
		};
		863A0CBF283120260009EA1F /* Colors */ = {
			isa = PBXGroup;
			children = (
				863A0CC0283120260009EA1F /* Colors.txt */,
				863A0CC1283120260009EA1F /* ColorsManager.swift */,
			);
			path = Colors;
			sourceTree = "<group>";
		};
		863A0CD8283124820009EA1F /* SplashView */ = {
			isa = PBXGroup;
			children = (
				863A0C59283105070009EA1F /* SplashController.swift */,
				863A0CD928312DC30009EA1F /* SplashView.swift */,
			);
			path = SplashView;
			sourceTree = "<group>";
		};
		864DE6BD283E17060036C77C /* Coordinator */ = {
			isa = PBXGroup;
			children = (
				8652C16E283D0A330065BB8C /* TabBarCoordinator.swift */,
				8652C170283D0A6C0065BB8C /* TapBarCoordinatorOutput.swift */,
			);
			path = Coordinator;
			sourceTree = "<group>";
		};
		864DE6BE283E171F0036C77C /* Home */ = {
			isa = PBXGroup;
			children = (
				864DE6C0283E17330036C77C /* HomeCoordinator */,
				864DE6BF283E17260036C77C /* Home */,
			);
			path = Home;
			sourceTree = "<group>";
		};
		864DE6BF283E17260036C77C /* Home */ = {
			isa = PBXGroup;
			children = (
				864DE6C4283E18240036C77C /* HomeController.swift */,
				864DE6CC283E1B3D0036C77C /* HomeViewModel.swift */,
				862483CB283E4BE8006D9B63 /* HomeView.swift */,
			);
			path = Home;
			sourceTree = "<group>";
		};
		864DE6C0283E17330036C77C /* HomeCoordinator */ = {
			isa = PBXGroup;
			children = (
				862483C9283E486C006D9B63 /* HomeCoordinator.swift */,
			);
			path = HomeCoordinator;
			sourceTree = "<group>";
		};
		864DE6C1283E17430036C77C /* Settings */ = {
			isa = PBXGroup;
			children = (
				864DE6C3283E17620036C77C /* Coordinator */,
				864DE6C2283E174D0036C77C /* Settings */,
			);
			path = Settings;
			sourceTree = "<group>";
		};
		864DE6C2283E174D0036C77C /* Settings */ = {
			isa = PBXGroup;
			children = (
				862483D1283E569A006D9B63 /* SettingsView.swift */,
				864DE6C6283E1A1A0036C77C /* SettingsController.swift */,
				864DE6C8283E1A4F0036C77C /* SettingViewModel.swift */,
			);
			path = Settings;
			sourceTree = "<group>";
		};
		864DE6C3283E17620036C77C /* Coordinator */ = {
			isa = PBXGroup;
			children = (
				862483CF283E55C8006D9B63 /* SettingsCoordinator.swift */,
			);
			path = Coordinator;
			sourceTree = "<group>";
		};
		8652C15A283D00230065BB8C /* User */ = {
			isa = PBXGroup;
			children = (
				8652C158283CFFF80065BB8C /* User.swift */,
				8652C15B283D002F0065BB8C /* Address.swift */,
			);
			path = User;
			sourceTree = "<group>";
		};
		8652C167283D08340065BB8C /* Frameworks */ = {
			isa = PBXGroup;
			children = (
				8652C16A283D08470065BB8C /* CoreData.framework */,
				8652C168283D08340065BB8C /* Accelerate.framework */,
			);
			name = Frameworks;
			sourceTree = "<group>";
		};
		8652C16C283D09CE0065BB8C /* New Group */ = {
			isa = PBXGroup;
			children = (
			);
			path = "New Group";
			sourceTree = "<group>";
		};
		8652C16D283D0A250065BB8C /* MainTabBar */ = {
			isa = PBXGroup;
			children = (
				864DE6BD283E17060036C77C /* Coordinator */,
				8652C172283D0AEA0065BB8C /* MainTabBar */,
			);
			path = MainTabBar;
			sourceTree = "<group>";
		};
		8652C172283D0AEA0065BB8C /* MainTabBar */ = {
			isa = PBXGroup;
			children = (
				8652C173283D0AF70065BB8C /* MainTabBarController.swift */,
				862483CD283E5103006D9B63 /* MainTabBar.swift */,
			);
			path = MainTabBar;
			sourceTree = "<group>";
		};
		8655A9E2283F66060048BF74 /* Cells */ = {
			isa = PBXGroup;
			children = (
				8655A9E3283F66150048BF74 /* CategoryCell.swift */,
				8655A9E5283F66770048BF74 /* BannarCell.swift */,
				8655A9E7283F67340048BF74 /* ProuductCell .swift */,
			);
			path = Cells;
			sourceTree = "<group>";
		};
		8699A6B5283F657F0094BD41 /* DiffableDataSource */ = {
			isa = PBXGroup;
			children = (
				8655A9E0283F65C60048BF74 /* HomeSection.swift */,
			);
			path = DiffableDataSource;
			sourceTree = "<group>";
		};
		86E80E1A283BACF6005FF239 /* Coordinator */ = {
			isa = PBXGroup;
			children = (
				86E80E1B283BACF6005FF239 /* AuthCoordinator.swift */,
			);
			path = Coordinator;
			sourceTree = "<group>";
		};
		86E80E21283BAD68005FF239 /* Auth */ = {
			isa = PBXGroup;
			children = (
				86E80E22283BAD68005FF239 /* LoginModel.swift */,
				86E80E23283BAD68005FF239 /* RegisterModel.swift */,
				8652C156283CFFC80065BB8C /* AuthResponse.swift */,
			);
			path = Auth;
			sourceTree = "<group>";
		};
		86F88DAF283BB08B00CCFD18 /* OTP */ = {
			isa = PBXGroup;
			children = (
				86F88DB0283BB08B00CCFD18 /* OTPView.swift */,
				86F88DB1283BB08B00CCFD18 /* OTPViewModel.swift */,
				86F88DB2283BB08B00CCFD18 /* OTPController.swift */,
			);
			path = OTP;
			sourceTree = "<group>";
		};
		86F88DB6283BB42A00CCFD18 /* OTPView */ = {
			isa = PBXGroup;
			children = (
				86F88DB7283BB42A00CCFD18 /* OTPStackView.swift */,
				86F88DB8283BB42A00CCFD18 /* OTPTextField.swift */,
			);
			path = OTPView;
			sourceTree = "<group>";
		};
		86F88DC0283BCBE300CCFD18 /* BaseViewController */ = {
			isa = PBXGroup;
			children = (
				86F88DBE283BCBB800CCFD18 /* BaseViewController.swift */,
				86F88DC1283BCC0F00CCFD18 /* BaseUIView.swift */,
			);
			path = BaseViewController;
			sourceTree = "<group>";
		};
/* End PBXGroup section */

/* Begin PBXNativeTarget section */
		863A0C51283105070009EA1F /* Zwadatkom */ = {
			isa = PBXNativeTarget;
			buildConfigurationList = 863A0C66283105090009EA1F /* Build configuration list for PBXNativeTarget "Zwadatkom" */;
			buildPhases = (
				863A0CD12831205B0009EA1F /* SwiftGen */,
				863A0C4E283105070009EA1F /* Sources */,
				863A0C4F283105070009EA1F /* Frameworks */,
				863A0C50283105070009EA1F /* Resources */,
			);
			buildRules = (
			);
			dependencies = (
			);
			name = Zwadatkom;
			packageProductDependencies = (
				863A0C6B283106790009EA1F /* Moya */,
				863A0C6E283106AF0009EA1F /* SwifterSwift */,
				863A0C7B28310B4B0009EA1F /* Kingfisher */,
				863A0C7E28310BD00009EA1F /* MOLH */,
				863A0C8128310C120009EA1F /* CombineCocoa */,
				8652C176283D16390065BB8C /* Toast */,
				8699A6B2283E914D0094BD41 /* ESTabBarController */,
			);
			productName = ZwadatkomIos;
			productReference = 863A0C52283105070009EA1F /* Zwadatkom.app */;
			productType = "com.apple.product-type.application";
		};
/* End PBXNativeTarget section */

/* Begin PBXProject section */
		863A0C4A283105070009EA1F /* Project object */ = {
			isa = PBXProject;
			attributes = {
				BuildIndependentTargetsInParallel = 1;
				LastSwiftUpdateCheck = 1330;
				LastUpgradeCheck = 1340;
				TargetAttributes = {
					863A0C51283105070009EA1F = {
						CreatedOnToolsVersion = 13.3.1;
					};
				};
			};
			buildConfigurationList = 863A0C4D283105070009EA1F /* Build configuration list for PBXProject "Zwadatkom" */;
			compatibilityVersion = "Xcode 13.0";
			developmentRegion = en;
			hasScannedForEncodings = 0;
			knownRegions = (
				en,
				Base,
				ar,
			);
			mainGroup = 863A0C49283105070009EA1F;
			packageReferences = (
				863A0C6A283106790009EA1F /* XCRemoteSwiftPackageReference "Moya" */,
				863A0C6D283106AE0009EA1F /* XCRemoteSwiftPackageReference "SwifterSwift" */,
				863A0C7A28310B4B0009EA1F /* XCRemoteSwiftPackageReference "Kingfisher" */,
				863A0C7D28310BD00009EA1F /* XCRemoteSwiftPackageReference "MOLH" */,
				863A0C8028310C120009EA1F /* XCRemoteSwiftPackageReference "CombineCocoa" */,
				8652C175283D16390065BB8C /* XCRemoteSwiftPackageReference "toast-swift" */,
				8699A6B1283E914D0094BD41 /* XCRemoteSwiftPackageReference "ESTabBarController" */,
			);
			productRefGroup = 863A0C53283105070009EA1F /* Products */;
			projectDirPath = "";
			projectRoot = "";
			targets = (
				863A0C51283105070009EA1F /* Zwadatkom */,
			);
		};
/* End PBXProject section */

/* Begin PBXResourcesBuildPhase section */
		863A0C50283105070009EA1F /* Resources */ = {
			isa = PBXResourcesBuildPhase;
			buildActionMask = 2147483647;
			files = (
				863A0CC3283120260009EA1F /* Assets.xcassets in Resources */,
				862A216A2832808B004CAEDB /* Bold.ttf in Resources */,
				863A0CCF283120260009EA1F /* Colors.txt in Resources */,
				86F88DBD283BB7DC00CCFD18 /* Localizable.strings in Resources */,
				863A0CCB283120260009EA1F /* LaunchScreen.storyboard in Resources */,
				862A217028328AF3004CAEDB /* SemiBold.ttf in Resources */,
				862A21722833993D004CAEDB /* Light.otf in Resources */,
			);
			runOnlyForDeploymentPostprocessing = 0;
		};
/* End PBXResourcesBuildPhase section */

/* Begin PBXShellScriptBuildPhase section */
		863A0CD12831205B0009EA1F /* SwiftGen */ = {
			isa = PBXShellScriptBuildPhase;
			buildActionMask = 2147483647;
			files = (
			);
			inputFileListPaths = (
			);
			inputPaths = (
			);
			name = SwiftGen;
			outputFileListPaths = (
			);
			outputPaths = (
			);
			runOnlyForDeploymentPostprocessing = 0;
			shellPath = /bin/sh;
			shellScript = "# Type a script or drag a script file from your workspace to insert its path.\nif [[ -f \"${PROJECT_DIR}/SwiftGen/bin/swiftgen\" ]]; then\n  \"${PROJECT_DIR}/SwiftGen/bin/swiftgen\"\nelse\n  echo \"warning: SwiftGen is not installed. Run 'pod install --repo-update' to install it.\"\nfi\n";
		};
/* End PBXShellScriptBuildPhase section */

/* Begin PBXSourcesBuildPhase section */
		863A0C4E283105070009EA1F /* Sources */ = {
			isa = PBXSourcesBuildPhase;
			buildActionMask = 2147483647;
			files = (
				862A217A2833A68F004CAEDB /* AuthModuleFactory.swift in Sources */,
				863A0C76283108B80009EA1F /* Constants .swift in Sources */,
				863A0CDA28312DC30009EA1F /* SplashView.swift in Sources */,
				86F88DBF283BCBB800CCFD18 /* BaseViewController.swift in Sources */,
				863A0C5A283105070009EA1F /* SplashController.swift in Sources */,
				8652C16F283D0A330065BB8C /* TabBarCoordinator.swift in Sources */,
				864DE6D1283E23780036C77C /* TabBarModuleFactroy.swift in Sources */,
				864DE6CF283E1CCD0036C77C /* SettingsModuleFactory.swift in Sources */,
				863A0CC8283120260009EA1F /* FontsManager.swift in Sources */,
				862483CE283E5103006D9B63 /* MainTabBar.swift in Sources */,
				862A216728326ED7004CAEDB /* OnboardingViewModel.swift in Sources */,
				862A215F28325C90004CAEDB /* OnboardingModuleFactory.swift in Sources */,
				863A0C8D283112B80009EA1F /* NetworkManager.swift in Sources */,
				86E80E20283BAD20005FF239 /* ZawadButton.swift in Sources */,
				86E80E1F283BAD20005FF239 /* TextFieldWithIcon.swift in Sources */,
				863A0C9C283119A60009EA1F /* Presentable.swift in Sources */,
				863A0CA128311C4F0009EA1F /* ModuleFactory.swift in Sources */,
				86F88DB3283BB08B00CCFD18 /* OTPView.swift in Sources */,
				864DE6CD283E1B3D0036C77C /* HomeViewModel.swift in Sources */,
				862A216228325F92004CAEDB /* OnboardingController.swift in Sources */,
				864DE6C7283E1A1A0036C77C /* SettingsController.swift in Sources */,
				86F88DBA283BB42A00CCFD18 /* OTPTextField.swift in Sources */,
				8655A9E8283F67340048BF74 /* ProuductCell .swift in Sources */,
				86E80E24283BAD68005FF239 /* LoginModel.swift in Sources */,
				862A216C28328358004CAEDB /* UserDefaultsManager.swift in Sources */,
				862483CA283E486C006D9B63 /* HomeCoordinator.swift in Sources */,
				862483D2283E569A006D9B63 /* SettingsView.swift in Sources */,
				863A0C71283106E40009EA1F /* APIRouter.swift in Sources */,
				864DE6CB283E1AB70036C77C /* HomeModuleFactory.swift in Sources */,
				862A217628339F8E004CAEDB /* LoginController.swift in Sources */,
				8655A9E6283F66770048BF74 /* BannarCell.swift in Sources */,
				863A0C99283119170009EA1F /* RouterProtocol.swift in Sources */,
				862A216428326659004CAEDB /* OnboardingView.swift in Sources */,
				86F88DB4283BB08B00CCFD18 /* OTPViewModel.swift in Sources */,
				863A0CD3283120B50009EA1F /* CoordinatorFactoryProtocol.swift in Sources */,
				86F88DB9283BB42A00CCFD18 /* OTPStackView.swift in Sources */,
				86E80E2B283BAD83005FF239 /* RegisterController.swift in Sources */,
				863A0CD5283120E20009EA1F /* SplashCoordinator.swift in Sources */,
				862A215D28325B7F004CAEDB /* OnboardingCoordinator.swift in Sources */,
				862A21782833A4D1004CAEDB /* LoginView.swift in Sources */,
				863A0CD7283121D90009EA1F /* Router.swift in Sources */,
				863A0C95283117D10009EA1F /* DeepLinkOption.swift in Sources */,
				862A217C2833AA3C004CAEDB /* LoginViewModel.swift in Sources */,
				8655A9E4283F66150048BF74 /* CategoryCell.swift in Sources */,
				863A0CC2283120260009EA1F /* AssetsManager.swift in Sources */,
				86E80E29283BAD83005FF239 /* RegisterView.swift in Sources */,
				8652C15C283D002F0065BB8C /* Address.swift in Sources */,
				863A0CA328311D0B0009EA1F /* SplashModuleFactory.swift in Sources */,
				863A0C93283117610009EA1F /* BaseCoordinator.swift in Sources */,
				86F88DC2283BCC0F00CCFD18 /* BaseUIView.swift in Sources */,
				863A0CCD283120260009EA1F /* Strings.swift in Sources */,
				863A0C56283105070009EA1F /* AppDelegate.swift in Sources */,
				862483D0283E55C8006D9B63 /* SettingsCoordinator.swift in Sources */,
				862483CC283E4BE8006D9B63 /* HomeView.swift in Sources */,
				86E80E1C283BACF6005FF239 /* AuthCoordinator.swift in Sources */,
				864DE6C9283E1A4F0036C77C /* SettingViewModel.swift in Sources */,
				863A0CA628311DDB0009EA1F /* BaseController.swift in Sources */,
				8652C159283CFFF80065BB8C /* User.swift in Sources */,
				86E80E2A283BAD83005FF239 /* RegisterViewModel.swift in Sources */,
				8655A9E1283F65C60048BF74 /* HomeSection.swift in Sources */,
				86E80E25283BAD68005FF239 /* RegisterModel.swift in Sources */,
				863A0CD0283120260009EA1F /* ColorsManager.swift in Sources */,
				86F88DB5283BB08B00CCFD18 /* OTPController.swift in Sources */,
				863A0C9F28311C350009EA1F /* CoordinatorFactory.swift in Sources */,
				8652C171283D0A6C0065BB8C /* TapBarCoordinatorOutput.swift in Sources */,
				864DE6C5283E18240036C77C /* HomeController.swift in Sources */,
				8652C174283D0AF70065BB8C /* MainTabBarController.swift in Sources */,
				8652C157283CFFC80065BB8C /* AuthResponse.swift in Sources */,
				863A0C8F2831172D0009EA1F /* ApplicationCoordinator.swift in Sources */,
			);
			runOnlyForDeploymentPostprocessing = 0;
		};
/* End PBXSourcesBuildPhase section */

/* Begin PBXVariantGroup section */
		863A0CB6283120250009EA1F /* LaunchScreen.storyboard */ = {
			isa = PBXVariantGroup;
			children = (
				863A0CB7283120250009EA1F /* Base */,
				864425A4283BAFF800D93DC8 /* ar */,
			);
			name = LaunchScreen.storyboard;
			sourceTree = "<group>";
		};
		86F88DBB283BB7DC00CCFD18 /* Localizable.strings */ = {
			isa = PBXVariantGroup;
			children = (
				86F88DBC283BB7DC00CCFD18 /* ar */,
			);
			name = Localizable.strings;
			sourceTree = "<group>";
		};
/* End PBXVariantGroup section */

/* Begin XCBuildConfiguration section */
		863A0C64283105090009EA1F /* Debug */ = {
			isa = XCBuildConfiguration;
			buildSettings = {
				ALWAYS_SEARCH_USER_PATHS = NO;
				CLANG_ANALYZER_LOCALIZABILITY_NONLOCALIZED = YES;
				CLANG_ANALYZER_NONNULL = YES;
				CLANG_ANALYZER_NUMBER_OBJECT_CONVERSION = YES_AGGRESSIVE;
				CLANG_CXX_LANGUAGE_STANDARD = "gnu++17";
				CLANG_ENABLE_MODULES = YES;
				CLANG_ENABLE_OBJC_ARC = YES;
				CLANG_ENABLE_OBJC_WEAK = YES;
				CLANG_WARN_BLOCK_CAPTURE_AUTORELEASING = YES;
				CLANG_WARN_BOOL_CONVERSION = YES;
				CLANG_WARN_COMMA = YES;
				CLANG_WARN_CONSTANT_CONVERSION = YES;
				CLANG_WARN_DEPRECATED_OBJC_IMPLEMENTATIONS = YES;
				CLANG_WARN_DIRECT_OBJC_ISA_USAGE = YES_ERROR;
				CLANG_WARN_DOCUMENTATION_COMMENTS = YES;
				CLANG_WARN_EMPTY_BODY = YES;
				CLANG_WARN_ENUM_CONVERSION = YES;
				CLANG_WARN_INFINITE_RECURSION = YES;
				CLANG_WARN_INT_CONVERSION = YES;
				CLANG_WARN_NON_LITERAL_NULL_CONVERSION = YES;
				CLANG_WARN_OBJC_IMPLICIT_RETAIN_SELF = YES;
				CLANG_WARN_OBJC_LITERAL_CONVERSION = YES;
				CLANG_WARN_OBJC_ROOT_CLASS = YES_ERROR;
				CLANG_WARN_QUOTED_INCLUDE_IN_FRAMEWORK_HEADER = YES;
				CLANG_WARN_RANGE_LOOP_ANALYSIS = YES;
				CLANG_WARN_STRICT_PROTOTYPES = YES;
				CLANG_WARN_SUSPICIOUS_MOVE = YES;
				CLANG_WARN_UNGUARDED_AVAILABILITY = YES_AGGRESSIVE;
				CLANG_WARN_UNREACHABLE_CODE = YES;
				CLANG_WARN__DUPLICATE_METHOD_MATCH = YES;
				COPY_PHASE_STRIP = NO;
				DEBUG_INFORMATION_FORMAT = dwarf;
				ENABLE_STRICT_OBJC_MSGSEND = YES;
				ENABLE_TESTABILITY = YES;
				GCC_C_LANGUAGE_STANDARD = gnu11;
				GCC_DYNAMIC_NO_PIC = NO;
				GCC_NO_COMMON_BLOCKS = YES;
				GCC_OPTIMIZATION_LEVEL = 0;
				GCC_PREPROCESSOR_DEFINITIONS = (
					"DEBUG=1",
					"$(inherited)",
				);
				GCC_WARN_64_TO_32_BIT_CONVERSION = YES;
				GCC_WARN_ABOUT_RETURN_TYPE = YES_ERROR;
				GCC_WARN_UNDECLARED_SELECTOR = YES;
				GCC_WARN_UNINITIALIZED_AUTOS = YES_AGGRESSIVE;
				GCC_WARN_UNUSED_FUNCTION = YES;
				GCC_WARN_UNUSED_VARIABLE = YES;
				IPHONEOS_DEPLOYMENT_TARGET = 15.4;
				MTL_ENABLE_DEBUG_INFO = INCLUDE_SOURCE;
				MTL_FAST_MATH = YES;
				ONLY_ACTIVE_ARCH = YES;
				SDKROOT = iphoneos;
				SWIFT_ACTIVE_COMPILATION_CONDITIONS = DEBUG;
				SWIFT_OPTIMIZATION_LEVEL = "-Onone";
			};
			name = Debug;
		};
		863A0C65283105090009EA1F /* Release */ = {
			isa = XCBuildConfiguration;
			buildSettings = {
				ALWAYS_SEARCH_USER_PATHS = NO;
				CLANG_ANALYZER_LOCALIZABILITY_NONLOCALIZED = YES;
				CLANG_ANALYZER_NONNULL = YES;
				CLANG_ANALYZER_NUMBER_OBJECT_CONVERSION = YES_AGGRESSIVE;
				CLANG_CXX_LANGUAGE_STANDARD = "gnu++17";
				CLANG_ENABLE_MODULES = YES;
				CLANG_ENABLE_OBJC_ARC = YES;
				CLANG_ENABLE_OBJC_WEAK = YES;
				CLANG_WARN_BLOCK_CAPTURE_AUTORELEASING = YES;
				CLANG_WARN_BOOL_CONVERSION = YES;
				CLANG_WARN_COMMA = YES;
				CLANG_WARN_CONSTANT_CONVERSION = YES;
				CLANG_WARN_DEPRECATED_OBJC_IMPLEMENTATIONS = YES;
				CLANG_WARN_DIRECT_OBJC_ISA_USAGE = YES_ERROR;
				CLANG_WARN_DOCUMENTATION_COMMENTS = YES;
				CLANG_WARN_EMPTY_BODY = YES;
				CLANG_WARN_ENUM_CONVERSION = YES;
				CLANG_WARN_INFINITE_RECURSION = YES;
				CLANG_WARN_INT_CONVERSION = YES;
				CLANG_WARN_NON_LITERAL_NULL_CONVERSION = YES;
				CLANG_WARN_OBJC_IMPLICIT_RETAIN_SELF = YES;
				CLANG_WARN_OBJC_LITERAL_CONVERSION = YES;
				CLANG_WARN_OBJC_ROOT_CLASS = YES_ERROR;
				CLANG_WARN_QUOTED_INCLUDE_IN_FRAMEWORK_HEADER = YES;
				CLANG_WARN_RANGE_LOOP_ANALYSIS = YES;
				CLANG_WARN_STRICT_PROTOTYPES = YES;
				CLANG_WARN_SUSPICIOUS_MOVE = YES;
				CLANG_WARN_UNGUARDED_AVAILABILITY = YES_AGGRESSIVE;
				CLANG_WARN_UNREACHABLE_CODE = YES;
				CLANG_WARN__DUPLICATE_METHOD_MATCH = YES;
				COPY_PHASE_STRIP = NO;
				DEBUG_INFORMATION_FORMAT = "dwarf-with-dsym";
				ENABLE_NS_ASSERTIONS = NO;
				ENABLE_STRICT_OBJC_MSGSEND = YES;
				GCC_C_LANGUAGE_STANDARD = gnu11;
				GCC_NO_COMMON_BLOCKS = YES;
				GCC_WARN_64_TO_32_BIT_CONVERSION = YES;
				GCC_WARN_ABOUT_RETURN_TYPE = YES_ERROR;
				GCC_WARN_UNDECLARED_SELECTOR = YES;
				GCC_WARN_UNINITIALIZED_AUTOS = YES_AGGRESSIVE;
				GCC_WARN_UNUSED_FUNCTION = YES;
				GCC_WARN_UNUSED_VARIABLE = YES;
				IPHONEOS_DEPLOYMENT_TARGET = 15.4;
				MTL_ENABLE_DEBUG_INFO = NO;
				MTL_FAST_MATH = YES;
				SDKROOT = iphoneos;
				SWIFT_COMPILATION_MODE = wholemodule;
				SWIFT_OPTIMIZATION_LEVEL = "-O";
				VALIDATE_PRODUCT = YES;
			};
			name = Release;
		};
		863A0C67283105090009EA1F /* Debug */ = {
			isa = XCBuildConfiguration;
			buildSettings = {
				ASSETCATALOG_COMPILER_APPICON_NAME = AppIcon;
				ASSETCATALOG_COMPILER_GLOBAL_ACCENT_COLOR_NAME = AccentColor;
				CODE_SIGN_STYLE = Automatic;
				CURRENT_PROJECT_VERSION = 1;
				DEVELOPMENT_TEAM = 5FFZ3X9GMU;
				FRAMEWORK_SEARCH_PATHS = (
					"$(inherited)",
					"$(PROJECT_DIR)",
				);
				GENERATE_INFOPLIST_FILE = YES;
				INFOPLIST_FILE = ZwadatkomIos/Info.plist;
				INFOPLIST_KEY_UIApplicationSupportsIndirectInputEvents = YES;
				INFOPLIST_KEY_UILaunchStoryboardName = LaunchScreen;
				INFOPLIST_KEY_UISupportedInterfaceOrientations = UIInterfaceOrientationPortrait;
				INFOPLIST_KEY_UISupportedInterfaceOrientations_iPad = "UIInterfaceOrientationPortrait UIInterfaceOrientationPortraitUpsideDown UIInterfaceOrientationLandscapeLeft UIInterfaceOrientationLandscapeRight";
				INFOPLIST_KEY_UISupportedInterfaceOrientations_iPhone = "UIInterfaceOrientationPortrait UIInterfaceOrientationLandscapeLeft UIInterfaceOrientationLandscapeRight";
				IPHONEOS_DEPLOYMENT_TARGET = 14.0;
				LD_RUNPATH_SEARCH_PATHS = (
					"$(inherited)",
					"@executable_path/Frameworks",
				);
				MARKETING_VERSION = 1.0;
				PRODUCT_BUNDLE_IDENTIFIER = "www.matgr-almamlka.com.ZwadatkomIos";
				PRODUCT_NAME = "$(TARGET_NAME)";
				SWIFT_EMIT_LOC_STRINGS = YES;
				SWIFT_VERSION = 5.0;
				TARGETED_DEVICE_FAMILY = "1,2";
			};
			name = Debug;
		};
		863A0C68283105090009EA1F /* Release */ = {
			isa = XCBuildConfiguration;
			buildSettings = {
				ASSETCATALOG_COMPILER_APPICON_NAME = AppIcon;
				ASSETCATALOG_COMPILER_GLOBAL_ACCENT_COLOR_NAME = AccentColor;
				CODE_SIGN_STYLE = Automatic;
				CURRENT_PROJECT_VERSION = 1;
				DEVELOPMENT_TEAM = 5FFZ3X9GMU;
				FRAMEWORK_SEARCH_PATHS = (
					"$(inherited)",
					"$(PROJECT_DIR)",
				);
				GENERATE_INFOPLIST_FILE = YES;
				INFOPLIST_FILE = ZwadatkomIos/Info.plist;
				INFOPLIST_KEY_UIApplicationSupportsIndirectInputEvents = YES;
				INFOPLIST_KEY_UILaunchStoryboardName = LaunchScreen;
				INFOPLIST_KEY_UISupportedInterfaceOrientations = UIInterfaceOrientationPortrait;
				INFOPLIST_KEY_UISupportedInterfaceOrientations_iPad = "UIInterfaceOrientationPortrait UIInterfaceOrientationPortraitUpsideDown UIInterfaceOrientationLandscapeLeft UIInterfaceOrientationLandscapeRight";
				INFOPLIST_KEY_UISupportedInterfaceOrientations_iPhone = "UIInterfaceOrientationPortrait UIInterfaceOrientationLandscapeLeft UIInterfaceOrientationLandscapeRight";
				IPHONEOS_DEPLOYMENT_TARGET = 14.0;
				LD_RUNPATH_SEARCH_PATHS = (
					"$(inherited)",
					"@executable_path/Frameworks",
				);
				MARKETING_VERSION = 1.0;
				PRODUCT_BUNDLE_IDENTIFIER = "www.matgr-almamlka.com.ZwadatkomIos";
				PRODUCT_NAME = "$(TARGET_NAME)";
				SWIFT_EMIT_LOC_STRINGS = YES;
				SWIFT_VERSION = 5.0;
				TARGETED_DEVICE_FAMILY = "1,2";
			};
			name = Release;
		};
/* End XCBuildConfiguration section */

/* Begin XCConfigurationList section */
		863A0C4D283105070009EA1F /* Build configuration list for PBXProject "Zwadatkom" */ = {
			isa = XCConfigurationList;
			buildConfigurations = (
				863A0C64283105090009EA1F /* Debug */,
				863A0C65283105090009EA1F /* Release */,
			);
			defaultConfigurationIsVisible = 0;
			defaultConfigurationName = Release;
		};
		863A0C66283105090009EA1F /* Build configuration list for PBXNativeTarget "Zwadatkom" */ = {
			isa = XCConfigurationList;
			buildConfigurations = (
				863A0C67283105090009EA1F /* Debug */,
				863A0C68283105090009EA1F /* Release */,
			);
			defaultConfigurationIsVisible = 0;
			defaultConfigurationName = Release;
		};
/* End XCConfigurationList section */

/* Begin XCRemoteSwiftPackageReference section */
		863A0C6A283106790009EA1F /* XCRemoteSwiftPackageReference "Moya" */ = {
			isa = XCRemoteSwiftPackageReference;
			repositoryURL = "https://github.com/Moya/Moya.git";
			requirement = {
				branch = master;
				kind = branch;
			};
		};
		863A0C6D283106AE0009EA1F /* XCRemoteSwiftPackageReference "SwifterSwift" */ = {
			isa = XCRemoteSwiftPackageReference;
			repositoryURL = "https://github.com/SwifterSwift/SwifterSwift.git";
			requirement = {
				branch = master;
				kind = branch;
			};
		};
		863A0C7A28310B4B0009EA1F /* XCRemoteSwiftPackageReference "Kingfisher" */ = {
			isa = XCRemoteSwiftPackageReference;
			repositoryURL = "https://github.com/onevcat/Kingfisher.git";
			requirement = {
				branch = master;
				kind = branch;
			};
		};
		863A0C7D28310BD00009EA1F /* XCRemoteSwiftPackageReference "MOLH" */ = {
			isa = XCRemoteSwiftPackageReference;
			repositoryURL = "https://github.com/MoathOthman/MOLH.git";
			requirement = {
				branch = master;
				kind = branch;
			};
		};
		863A0C8028310C120009EA1F /* XCRemoteSwiftPackageReference "CombineCocoa" */ = {
			isa = XCRemoteSwiftPackageReference;
			repositoryURL = "https://github.com/CombineCommunity/CombineCocoa.git";
			requirement = {
				kind = upToNextMajorVersion;
				minimumVersion = 0.4.0;
			};
		};
		8652C175283D16390065BB8C /* XCRemoteSwiftPackageReference "toast-swift" */ = {
			isa = XCRemoteSwiftPackageReference;
			repositoryURL = "https://github.com/BastiaanJansen/toast-swift.git";
			requirement = {
				kind = upToNextMajorVersion;
				minimumVersion = 1.0.0;
			};
		};
		8699A6B1283E914D0094BD41 /* XCRemoteSwiftPackageReference "ESTabBarController" */ = {
			isa = XCRemoteSwiftPackageReference;
			repositoryURL = "https://github.com/eggswift/ESTabBarController.git";
			requirement = {
				kind = upToNextMajorVersion;
				minimumVersion = 2.0.0;
			};
		};
/* End XCRemoteSwiftPackageReference section */

/* Begin XCSwiftPackageProductDependency section */
		863A0C6B283106790009EA1F /* Moya */ = {
			isa = XCSwiftPackageProductDependency;
			package = 863A0C6A283106790009EA1F /* XCRemoteSwiftPackageReference "Moya" */;
			productName = Moya;
		};
		863A0C6E283106AF0009EA1F /* SwifterSwift */ = {
			isa = XCSwiftPackageProductDependency;
			package = 863A0C6D283106AE0009EA1F /* XCRemoteSwiftPackageReference "SwifterSwift" */;
			productName = SwifterSwift;
		};
		863A0C7B28310B4B0009EA1F /* Kingfisher */ = {
			isa = XCSwiftPackageProductDependency;
			package = 863A0C7A28310B4B0009EA1F /* XCRemoteSwiftPackageReference "Kingfisher" */;
			productName = Kingfisher;
		};
		863A0C7E28310BD00009EA1F /* MOLH */ = {
			isa = XCSwiftPackageProductDependency;
			package = 863A0C7D28310BD00009EA1F /* XCRemoteSwiftPackageReference "MOLH" */;
			productName = MOLH;
		};
		863A0C8128310C120009EA1F /* CombineCocoa */ = {
			isa = XCSwiftPackageProductDependency;
			package = 863A0C8028310C120009EA1F /* XCRemoteSwiftPackageReference "CombineCocoa" */;
			productName = CombineCocoa;
		};
		8652C176283D16390065BB8C /* Toast */ = {
			isa = XCSwiftPackageProductDependency;
			package = 8652C175283D16390065BB8C /* XCRemoteSwiftPackageReference "toast-swift" */;
			productName = Toast;
		};
		8699A6B2283E914D0094BD41 /* ESTabBarController */ = {
			isa = XCSwiftPackageProductDependency;
			package = 8699A6B1283E914D0094BD41 /* XCRemoteSwiftPackageReference "ESTabBarController" */;
			productName = ESTabBarController;
		};
/* End XCSwiftPackageProductDependency section */
	};
	rootObject = 863A0C4A283105070009EA1F /* Project object */;
}
